
Microsoft Visual Studio Solution File, Format Version 12.00
# Visual Studio Version 17
VisualStudioVersion = 17.10.35004.147
MinimumVisualStudioVersion = 10.0.40219.1
Project("{FAE04EC0-301F-11D3-BF4B-00C04F79EFBC}") = "Benchmarks", "Benchmarks\Benchmarks.csproj", "{7FD3CFA6-EF30-4FA1-AD5D-ACF09E084B4E}"
EndProject
Project("{FAE04EC0-301F-11D3-BF4B-00C04F79EFBC}") = "UnitTests", "UnitTests\UnitTests.csproj", "{C3C2AFEA-72B3-4567-AD5C-79CF6D2130D8}"
EndProject
Global
	GlobalSection(SolutionConfigurationPlatforms) = preSolution
		Debug|Any CPU = Debug|Any CPU
		Release|Any CPU = Release|Any CPU
	EndGlobalSection
	GlobalSection(ProjectConfigurationPlatforms) = postSolution
		{7FD3CFA6-EF30-4FA1-AD5D-ACF09E084B4E}.Debug|Any CPU.ActiveCfg = Debug|Any CPU
		{7FD3CFA6-EF30-4FA1-AD5D-ACF09E084B4E}.Debug|Any CPU.Build.0 = Debug|Any CPU
		{7FD3CFA6-EF30-4FA1-AD5D-ACF09E084B4E}.Release|Any CPU.ActiveCfg = Release|Any CPU
		{7FD3CFA6-EF30-4FA1-AD5D-ACF09E084B4E}.Release|Any CPU.Build.0 = Release|Any CPU
		{C3C2AFEA-72B3-4567-AD5C-79CF6D2130D8}.Debug|Any CPU.ActiveCfg = Debug|Any CPU
		{C3C2AFEA-72B3-4567-AD5C-79CF6D2130D8}.Debug|Any CPU.Build.0 = Debug|Any CPU
		{C3C2AFEA-72B3-4567-AD5C-79CF6D2130D8}.Release|Any CPU.ActiveCfg = Release|Any CPU
		{C3C2AFEA-72B3-4567-AD5C-79CF6D2130D8}.Release|Any CPU.Build.0 = Release|Any CPU
	EndGlobalSection
	GlobalSection(SolutionProperties) = preSolution
		HideSolutionNode = FALSE
	EndGlobalSection
	GlobalSection(ExtensibilityGlobals) = postSolution
		SolutionGuid = {EF20EACE-D677-4027-8159-690B8DE19159}
	EndGlobalSection
EndGlobal
